
Microsoft Visual Studio Solution File, Format Version 12.00
# Visual Studio Version 17
VisualStudioVersion = 17.0.32014.148
MinimumVisualStudioVersion = 10.0.40219.1
Project("{FAE04EC0-301F-11D3-BF4B-00C04F79EFBC}") = "dn-open-chrome-util", "dn-open-chrome-util.csproj", "{CC42BFEA-C26D-4C0A-AB71-4C093D77846B}"
EndProject
Global
	GlobalSection(SolutionConfigurationPlatforms) = preSolution
		Debug|Any CPU = Debug|Any CPU
		Release|Any CPU = Release|Any CPU
	EndGlobalSection
	GlobalSection(ProjectConfigurationPlatforms) = postSolution
		{CC42BFEA-C26D-4C0A-AB71-4C093D77846B}.Debug|Any CPU.ActiveCfg = Debug|Any CPU
		{CC42BFEA-C26D-4C0A-AB71-4C093D77846B}.Debug|Any CPU.Build.0 = Debug|Any CPU
		{CC42BFEA-C26D-4C0A-AB71-4C093D77846B}.Release|Any CPU.ActiveCfg = Release|Any CPU
		{CC42BFEA-C26D-4C0A-AB71-4C093D77846B}.Release|Any CPU.Build.0 = Release|Any CPU
	EndGlobalSection
	GlobalSection(SolutionProperties) = preSolution
		HideSolutionNode = FALSE
	EndGlobalSection
	GlobalSection(ExtensibilityGlobals) = postSolution
		SolutionGuid = {06F1A43A-1F45-4113-8B4F-82501791C3DC}
	EndGlobalSection
EndGlobal
